
Microsoft Visual Studio Solution File, Format Version 12.00
# Visual Studio 14
VisualStudioVersion = 14.0.23107.0
MinimumVisualStudioVersion = 10.0.40219.1
Project("{FAE04EC0-301F-11D3-BF4B-00C04F79EFBC}") = "CodeCamper.Web", "CodeCamper.Web\CodeCamper.Web.csproj", "{A2395D0D-0186-4113-93FC-856DE8377E61}"
EndProject
Project("{FAE04EC0-301F-11D3-BF4B-00C04F79EFBC}") = "CodeCamper.Web.Tests", "CodeCamper.Web.Tests\CodeCamper.Web.Tests.csproj", "{8982ED88-D11F-471E-98E9-05085BE788E2}"
EndProject
Global
	GlobalSection(SolutionConfigurationPlatforms) = preSolution
		Debug|Any CPU = Debug|Any CPU
		Release|Any CPU = Release|Any CPU
	EndGlobalSection
	GlobalSection(ProjectConfigurationPlatforms) = postSolution
		{A2395D0D-0186-4113-93FC-856DE8377E61}.Debug|Any CPU.ActiveCfg = Debug|Any CPU
		{A2395D0D-0186-4113-93FC-856DE8377E61}.Debug|Any CPU.Build.0 = Debug|Any CPU
		{A2395D0D-0186-4113-93FC-856DE8377E61}.Release|Any CPU.ActiveCfg = Release|Any CPU
		{A2395D0D-0186-4113-93FC-856DE8377E61}.Release|Any CPU.Build.0 = Release|Any CPU
		{8982ED88-D11F-471E-98E9-05085BE788E2}.Debug|Any CPU.ActiveCfg = Debug|Any CPU
		{8982ED88-D11F-471E-98E9-05085BE788E2}.Debug|Any CPU.Build.0 = Debug|Any CPU
		{8982ED88-D11F-471E-98E9-05085BE788E2}.Release|Any CPU.ActiveCfg = Release|Any CPU
		{8982ED88-D11F-471E-98E9-05085BE788E2}.Release|Any CPU.Build.0 = Release|Any CPU
	EndGlobalSection
	GlobalSection(SolutionProperties) = preSolution
		HideSolutionNode = FALSE
	EndGlobalSection
EndGlobal
